
Microsoft Visual Studio Solution File, Format Version 12.00
# Visual Studio 15
VisualStudioVersion = 15.0.28010.2003
MinimumVisualStudioVersion = 10.0.40219.1
Project("{FAE04EC0-301F-11D3-BF4B-00C04F79EFBC}") = "BindingLab", "BindingLab\BindingLab.csproj", "{66154F2C-2284-4C5A-ADF9-719554C58AA1}"
EndProject
Global
	GlobalSection(SolutionConfigurationPlatforms) = preSolution
		Debug|Any CPU = Debug|Any CPU
		Release|Any CPU = Release|Any CPU
	EndGlobalSection
	GlobalSection(ProjectConfigurationPlatforms) = postSolution
		{66154F2C-2284-4C5A-ADF9-719554C58AA1}.Debug|Any CPU.ActiveCfg = Debug|Any CPU
		{66154F2C-2284-4C5A-ADF9-719554C58AA1}.Debug|Any CPU.Build.0 = Debug|Any CPU
		{66154F2C-2284-4C5A-ADF9-719554C58AA1}.Release|Any CPU.ActiveCfg = Release|Any CPU
		{66154F2C-2284-4C5A-ADF9-719554C58AA1}.Release|Any CPU.Build.0 = Release|Any CPU
	EndGlobalSection
	GlobalSection(SolutionProperties) = preSolution
		HideSolutionNode = FALSE
	EndGlobalSection
	GlobalSection(ExtensibilityGlobals) = postSolution
		SolutionGuid = {75B54AEA-F82E-429C-A516-907498E2BDA4}
	EndGlobalSection
EndGlobal
